
Microsoft Visual Studio Solution File, Format Version 12.00
# Visual Studio Version 17
VisualStudioVersion = 17.10.35027.167
MinimumVisualStudioVersion = 10.0.40219.1
Project("{FAE04EC0-301F-11D3-BF4B-00C04F79EFBC}") = "Painter", "Painter\Painter.csproj", "{4A3BFF4E-FEB5-41D7-BDB2-624EE9479599}"
EndProject
Global
	GlobalSection(SolutionConfigurationPlatforms) = preSolution
		Debug|Any CPU = Debug|Any CPU
		Release|Any CPU = Release|Any CPU
	EndGlobalSection
	GlobalSection(ProjectConfigurationPlatforms) = postSolution
		{4A3BFF4E-FEB5-41D7-BDB2-624EE9479599}.Debug|Any CPU.ActiveCfg = Debug|Any CPU
		{4A3BFF4E-FEB5-41D7-BDB2-624EE9479599}.Debug|Any CPU.Build.0 = Debug|Any CPU
		{4A3BFF4E-FEB5-41D7-BDB2-624EE9479599}.Debug|Any CPU.Deploy.0 = Debug|Any CPU
		{4A3BFF4E-FEB5-41D7-BDB2-624EE9479599}.Release|Any CPU.ActiveCfg = Release|Any CPU
		{4A3BFF4E-FEB5-41D7-BDB2-624EE9479599}.Release|Any CPU.Build.0 = Release|Any CPU
		{4A3BFF4E-FEB5-41D7-BDB2-624EE9479599}.Release|Any CPU.Deploy.0 = Release|Any CPU
	EndGlobalSection
	GlobalSection(SolutionProperties) = preSolution
		HideSolutionNode = FALSE
	EndGlobalSection
	GlobalSection(ExtensibilityGlobals) = postSolution
		SolutionGuid = {9A8E0A6C-157D-4224-B71F-8A46D29D2627}
	EndGlobalSection
EndGlobal
